
Microsoft Visual Studio Solution File, Format Version 12.00
# Visual Studio 15
VisualStudioVersion = 15.0.27130.2036
MinimumVisualStudioVersion = 10.0.40219.1
Project("{FAE04EC0-301F-11D3-BF4B-00C04F79EFBC}") = "Traffic", "Traffic\Traffic.csproj", "{14954435-F1D2-4C1B-89E0-B5319D0B76D6}"
EndProject
Global
	GlobalSection(SolutionConfigurationPlatforms) = preSolution
		Debug|Any CPU = Debug|Any CPU
		Release|Any CPU = Release|Any CPU
	EndGlobalSection
	GlobalSection(ProjectConfigurationPlatforms) = postSolution
		{14954435-F1D2-4C1B-89E0-B5319D0B76D6}.Debug|Any CPU.ActiveCfg = Debug|Any CPU
		{14954435-F1D2-4C1B-89E0-B5319D0B76D6}.Debug|Any CPU.Build.0 = Debug|Any CPU
		{14954435-F1D2-4C1B-89E0-B5319D0B76D6}.Release|Any CPU.ActiveCfg = Release|Any CPU
		{14954435-F1D2-4C1B-89E0-B5319D0B76D6}.Release|Any CPU.Build.0 = Release|Any CPU
	EndGlobalSection
	GlobalSection(SolutionProperties) = preSolution
		HideSolutionNode = FALSE
	EndGlobalSection
	GlobalSection(ExtensibilityGlobals) = postSolution
		SolutionGuid = {2A785118-895B-49B4-AE10-0C1B2B2C2A5F}
	EndGlobalSection
EndGlobal
