
Microsoft Visual Studio Solution File, Format Version 12.00
# Visual Studio 15
VisualStudioVersion = 15.0.27004.2005
MinimumVisualStudioVersion = 10.0.40219.1
Project("{FAE04EC0-301F-11D3-BF4B-00C04F79EFBC}") = "Traffic_Tsoy_171", "Traffic_Tsoy_171.csproj", "{2B5A04F9-C7A9-4AA5-A472-1788A39F2AE2}"
EndProject
Global
	GlobalSection(SolutionConfigurationPlatforms) = preSolution
		Debug|Any CPU = Debug|Any CPU
		Release|Any CPU = Release|Any CPU
	EndGlobalSection
	GlobalSection(ProjectConfigurationPlatforms) = postSolution
		{2B5A04F9-C7A9-4AA5-A472-1788A39F2AE2}.Debug|Any CPU.ActiveCfg = Debug|Any CPU
		{2B5A04F9-C7A9-4AA5-A472-1788A39F2AE2}.Debug|Any CPU.Build.0 = Debug|Any CPU
		{2B5A04F9-C7A9-4AA5-A472-1788A39F2AE2}.Release|Any CPU.ActiveCfg = Release|Any CPU
		{2B5A04F9-C7A9-4AA5-A472-1788A39F2AE2}.Release|Any CPU.Build.0 = Release|Any CPU
	EndGlobalSection
	GlobalSection(SolutionProperties) = preSolution
		HideSolutionNode = FALSE
	EndGlobalSection
	GlobalSection(ExtensibilityGlobals) = postSolution
		SolutionGuid = {2D2D2EEE-2234-4114-8FF0-1236A9EA92A2}
	EndGlobalSection
EndGlobal
